// !$*UTF8*$!
{
	archiveVersion = 1;
	classes = {
	};
	objectVersion = 50;
	objects = {

/* Begin PBXBuildFile section */
		950CEFA9224BBEB0005E7750 /* AppDelegate.m in Sources */ = {isa = PBXBuildFile; fileRef = 950CEFA8224BBEB0005E7750 /* AppDelegate.m */; };
		950CEFAC224BBEB0005E7750 /* ViewController.m in Sources */ = {isa = PBXBuildFile; fileRef = 950CEFAB224BBEB0005E7750 /* ViewController.m */; };
		950CEFAF224BBEB0005E7750 /* Main.storyboard in Resources */ = {isa = PBXBuildFile; fileRef = 950CEFAD224BBEB0005E7750 /* Main.storyboard */; };
		950CEFB1224BBEB3005E7750 /* Assets.xcassets in Resources */ = {isa = PBXBuildFile; fileRef = 950CEFB0224BBEB3005E7750 /* Assets.xcassets */; };
		950CEFB4224BBEB3005E7750 /* LaunchScreen.storyboard in Resources */ = {isa = PBXBuildFile; fileRef = 950CEFB2224BBEB3005E7750 /* LaunchScreen.storyboard */; };
		950CEFB7224BBEB3005E7750 /* main.m in Sources */ = {isa = PBXBuildFile; fileRef = 950CEFB6224BBEB3005E7750 /* main.m */; };
		950CF00E224FD092005E7750 /* HWSettingsView.m in Sources */ = {isa = PBXBuildFile; fileRef = 950CF00D224FD092005E7750 /* HWSettingsView.m */; };
		95D60B1C2252923F00DBE404 /* HWPingPongGame.m in Sources */ = {isa = PBXBuildFile; fileRef = 95D60B1B2252923F00DBE404 /* HWPingPongGame.m */; };
/* End PBXBuildFile section */

/* Begin PBXFileReference section */
		950CEFA4224BBEB0005E7750 /* HW_PingPong.app */ = {isa = PBXFileReference; explicitFileType = wrapper.application; includeInIndex = 0; path = HW_PingPong.app; sourceTree = BUILT_PRODUCTS_DIR; };
		950CEFA7224BBEB0005E7750 /* AppDelegate.h */ = {isa = PBXFileReference; lastKnownFileType = sourcecode.c.h; path = AppDelegate.h; sourceTree = "<group>"; };
		950CEFA8224BBEB0005E7750 /* AppDelegate.m */ = {isa = PBXFileReference; lastKnownFileType = sourcecode.c.objc; path = AppDelegate.m; sourceTree = "<group>"; };
		950CEFAA224BBEB0005E7750 /* ViewController.h */ = {isa = PBXFileReference; lastKnownFileType = sourcecode.c.h; path = ViewController.h; sourceTree = "<group>"; };
		950CEFAB224BBEB0005E7750 /* ViewController.m */ = {isa = PBXFileReference; lastKnownFileType = sourcecode.c.objc; path = ViewController.m; sourceTree = "<group>"; };
		950CEFAE224BBEB0005E7750 /* Base */ = {isa = PBXFileReference; lastKnownFileType = file.storyboard; name = Base; path = Base.lproj/Main.storyboard; sourceTree = "<group>"; };
		950CEFB0224BBEB3005E7750 /* Assets.xcassets */ = {isa = PBXFileReference; lastKnownFileType = folder.assetcatalog; path = Assets.xcassets; sourceTree = "<group>"; };
		950CEFB3224BBEB3005E7750 /* Base */ = {isa = PBXFileReference; lastKnownFileType = file.storyboard; name = Base; path = Base.lproj/LaunchScreen.storyboard; sourceTree = "<group>"; };
		950CEFB5224BBEB3005E7750 /* Info.plist */ = {isa = PBXFileReference; lastKnownFileType = text.plist.xml; path = Info.plist; sourceTree = "<group>"; };
		950CEFB6224BBEB3005E7750 /* main.m */ = {isa = PBXFileReference; lastKnownFileType = sourcecode.c.objc; path = main.m; sourceTree = "<group>"; };
		950CF00C224FD092005E7750 /* HWSettingsView.h */ = {isa = PBXFileReference; lastKnownFileType = sourcecode.c.h; path = HWSettingsView.h; sourceTree = "<group>"; };
		950CF00D224FD092005E7750 /* HWSettingsView.m */ = {isa = PBXFileReference; lastKnownFileType = sourcecode.c.objc; path = HWSettingsView.m; sourceTree = "<group>"; };
		95D60B1A2252923F00DBE404 /* HWPingPongGame.h */ = {isa = PBXFileReference; lastKnownFileType = sourcecode.c.h; path = HWPingPongGame.h; sourceTree = "<group>"; };
		95D60B1B2252923F00DBE404 /* HWPingPongGame.m */ = {isa = PBXFileReference; lastKnownFileType = sourcecode.c.objc; path = HWPingPongGame.m; sourceTree = "<group>"; };
/* End PBXFileReference section */

/* Begin PBXFrameworksBuildPhase section */
		950CEFA1224BBEB0005E7750 /* Frameworks */ = {
			isa = PBXFrameworksBuildPhase;
			buildActionMask = 2147483647;
			files = (
			);
			runOnlyForDeploymentPostprocessing = 0;
		};
/* End PBXFrameworksBuildPhase section */

/* Begin PBXGroup section */
		950CEF9B224BBEB0005E7750 = {
			isa = PBXGroup;
			children = (
				950CEFA6224BBEB0005E7750 /* HW_PingPong */,
				950CEFA5224BBEB0005E7750 /* Products */,
			);
			sourceTree = "<group>";
		};
		950CEFA5224BBEB0005E7750 /* Products */ = {
			isa = PBXGroup;
			children = (
				950CEFA4224BBEB0005E7750 /* HW_PingPong.app */,
			);
			name = Products;
			sourceTree = "<group>";
		};
		950CEFA6224BBEB0005E7750 /* HW_PingPong */ = {
			isa = PBXGroup;
			children = (
				950CF00F224FD0A0005E7750 /* View */,
				950CEFA7224BBEB0005E7750 /* AppDelegate.h */,
				950CEFA8224BBEB0005E7750 /* AppDelegate.m */,
				950CEFAA224BBEB0005E7750 /* ViewController.h */,
				950CEFAB224BBEB0005E7750 /* ViewController.m */,
				950CEFAD224BBEB0005E7750 /* Main.storyboard */,
				950CEFB0224BBEB3005E7750 /* Assets.xcassets */,
				950CEFB2224BBEB3005E7750 /* LaunchScreen.storyboard */,
				950CEFB5224BBEB3005E7750 /* Info.plist */,
				950CEFB6224BBEB3005E7750 /* main.m */,
				95D60B1A2252923F00DBE404 /* HWPingPongGame.h */,
				95D60B1B2252923F00DBE404 /* HWPingPongGame.m */,
			);
			path = HW_PingPong;
			sourceTree = "<group>";
		};
		950CF00F224FD0A0005E7750 /* View */ = {
			isa = PBXGroup;
			children = (
				950CF00C224FD092005E7750 /* HWSettingsView.h */,
				950CF00D224FD092005E7750 /* HWSettingsView.m */,
			);
			path = View;
			sourceTree = "<group>";
		};
/* End PBXGroup section */

/* Begin PBXNativeTarget section */
		950CEFA3224BBEB0005E7750 /* HW_PingPong */ = {
			isa = PBXNativeTarget;
			buildConfigurationList = 950CEFBA224BBEB3005E7750 /* Build configuration list for PBXNativeTarget "HW_PingPong" */;
			buildPhases = (
				950CEFA0224BBEB0005E7750 /* Sources */,
				950CEFA1224BBEB0005E7750 /* Frameworks */,
				950CEFA2224BBEB0005E7750 /* Resources */,
			);
			buildRules = (
			);
			dependencies = (
			);
			name = HW_PingPong;
			productName = HW_PingPong;
			productReference = 950CEFA4224BBEB0005E7750 /* HW_PingPong.app */;
			productType = "com.apple.product-type.application";
		};
/* End PBXNativeTarget section */

/* Begin PBXProject section */
		950CEF9C224BBEB0005E7750 /* Project object */ = {
			isa = PBXProject;
			attributes = {
				LastUpgradeCheck = 1010;
				ORGANIZATIONNAME = "Erzhena Tsyrendylykova";
				TargetAttributes = {
					950CEFA3224BBEB0005E7750 = {
						CreatedOnToolsVersion = 10.1;
					};
				};
			};
			buildConfigurationList = 950CEF9F224BBEB0005E7750 /* Build configuration list for PBXProject "HW_PingPong" */;
			compatibilityVersion = "Xcode 9.3";
			developmentRegion = en;
			hasScannedForEncodings = 0;
			knownRegions = (
				en,
				Base,
			);
			mainGroup = 950CEF9B224BBEB0005E7750;
			productRefGroup = 950CEFA5224BBEB0005E7750 /* Products */;
			projectDirPath = "";
			projectRoot = "";
			targets = (
				950CEFA3224BBEB0005E7750 /* HW_PingPong */,
			);
		};
/* End PBXProject section */

/* Begin PBXResourcesBuildPhase section */
		950CEFA2224BBEB0005E7750 /* Resources */ = {
			isa = PBXResourcesBuildPhase;
			buildActionMask = 2147483647;
			files = (
				950CEFB4224BBEB3005E7750 /* LaunchScreen.storyboard in Resources */,
				950CEFB1224BBEB3005E7750 /* Assets.xcassets in Resources */,
				950CEFAF224BBEB0005E7750 /* Main.storyboard in Resources */,
			);
			runOnlyForDeploymentPostprocessing = 0;
		};
/* End PBXResourcesBuildPhase section */

/* Begin PBXSourcesBuildPhase section */
		950CEFA0224BBEB0005E7750 /* Sources */ = {
			isa = PBXSourcesBuildPhase;
			buildActionMask = 2147483647;
			files = (
				950CEFAC224BBEB0005E7750 /* ViewController.m in Sources */,
				95D60B1C2252923F00DBE404 /* HWPingPongGame.m in Sources */,
				950CEFB7224BBEB3005E7750 /* main.m in Sources */,
				950CF00E224FD092005E7750 /* HWSettingsView.m in Sources */,
				950CEFA9224BBEB0005E7750 /* AppDelegate.m in Sources */,
			);
			runOnlyForDeploymentPostprocessing = 0;
		};
/* End PBXSourcesBuildPhase section */

/* Begin PBXVariantGroup section */
		950CEFAD224BBEB0005E7750 /* Main.storyboard */ = {
			isa = PBXVariantGroup;
			children = (
				950CEFAE224BBEB0005E7750 /* Base */,
			);
			name = Main.storyboard;
			sourceTree = "<group>";
		};
		950CEFB2224BBEB3005E7750 /* LaunchScreen.storyboard */ = {
			isa = PBXVariantGroup;
			children = (
				950CEFB3224BBEB3005E7750 /* Base */,
			);
			name = LaunchScreen.storyboard;
			sourceTree = "<group>";
		};
/* End PBXVariantGroup section */

/* Begin XCBuildConfiguration section */
		950CEFB8224BBEB3005E7750 /* Debug */ = {
			isa = XCBuildConfiguration;
			buildSettings = {
				ALWAYS_SEARCH_USER_PATHS = NO;
				CLANG_ANALYZER_NONNULL = YES;
				CLANG_ANALYZER_NUMBER_OBJECT_CONVERSION = YES_AGGRESSIVE;
				CLANG_CXX_LANGUAGE_STANDARD = "gnu++14";
				CLANG_CXX_LIBRARY = "libc++";
				CLANG_ENABLE_MODULES = YES;
				CLANG_ENABLE_OBJC_ARC = YES;
				CLANG_ENABLE_OBJC_WEAK = YES;
				CLANG_WARN_BLOCK_CAPTURE_AUTORELEASING = YES;
				CLANG_WARN_BOOL_CONVERSION = YES;
				CLANG_WARN_COMMA = YES;
				CLANG_WARN_CONSTANT_CONVERSION = YES;
				CLANG_WARN_DEPRECATED_OBJC_IMPLEMENTATIONS = YES;
				CLANG_WARN_DIRECT_OBJC_ISA_USAGE = YES_ERROR;
				CLANG_WARN_DOCUMENTATION_COMMENTS = YES;
				CLANG_WARN_EMPTY_BODY = YES;
				CLANG_WARN_ENUM_CONVERSION = YES;
				CLANG_WARN_INFINITE_RECURSION = YES;
				CLANG_WARN_INT_CONVERSION = YES;
				CLANG_WARN_NON_LITERAL_NULL_CONVERSION = YES;
				CLANG_WARN_OBJC_IMPLICIT_RETAIN_SELF = YES;
				CLANG_WARN_OBJC_LITERAL_CONVERSION = YES;
				CLANG_WARN_OBJC_ROOT_CLASS = YES_ERROR;
				CLANG_WARN_RANGE_LOOP_ANALYSIS = YES;
				CLANG_WARN_STRICT_PROTOTYPES = YES;
				CLANG_WARN_SUSPICIOUS_MOVE = YES;
				CLANG_WARN_UNGUARDED_AVAILABILITY = YES_AGGRESSIVE;
				CLANG_WARN_UNREACHABLE_CODE = YES;
				CLANG_WARN__DUPLICATE_METHOD_MATCH = YES;
				CODE_SIGN_IDENTITY = "iPhone Developer";
				COPY_PHASE_STRIP = NO;
				DEBUG_INFORMATION_FORMAT = dwarf;
				ENABLE_STRICT_OBJC_MSGSEND = YES;
				ENABLE_TESTABILITY = YES;
				GCC_C_LANGUAGE_STANDARD = gnu11;
				GCC_DYNAMIC_NO_PIC = NO;
				GCC_NO_COMMON_BLOCKS = YES;
				GCC_OPTIMIZATION_LEVEL = 0;
				GCC_PREPROCESSOR_DEFINITIONS = (
					"DEBUG=1",
					"$(inherited)",
				);
				GCC_WARN_64_TO_32_BIT_CONVERSION = YES;
				GCC_WARN_ABOUT_RETURN_TYPE = YES_ERROR;
				GCC_WARN_UNDECLARED_SELECTOR = YES;
				GCC_WARN_UNINITIALIZED_AUTOS = YES_AGGRESSIVE;
				GCC_WARN_UNUSED_FUNCTION = YES;
				GCC_WARN_UNUSED_VARIABLE = YES;
				IPHONEOS_DEPLOYMENT_TARGET = 12.1;
				MTL_ENABLE_DEBUG_INFO = INCLUDE_SOURCE;
				MTL_FAST_MATH = YES;
				ONLY_ACTIVE_ARCH = YES;
				SDKROOT = iphoneos;
			};
			name = Debug;
		};
		950CEFB9224BBEB3005E7750 /* Release */ = {
			isa = XCBuildConfiguration;
			buildSettings = {
				ALWAYS_SEARCH_USER_PATHS = NO;
				CLANG_ANALYZER_NONNULL = YES;
				CLANG_ANALYZER_NUMBER_OBJECT_CONVERSION = YES_AGGRESSIVE;
				CLANG_CXX_LANGUAGE_STANDARD = "gnu++14";
				CLANG_CXX_LIBRARY = "libc++";
				CLANG_ENABLE_MODULES = YES;
				CLANG_ENABLE_OBJC_ARC = YES;
				CLANG_ENABLE_OBJC_WEAK = YES;
				CLANG_WARN_BLOCK_CAPTURE_AUTORELEASING = YES;
				CLANG_WARN_BOOL_CONVERSION = YES;
				CLANG_WARN_COMMA = YES;
				CLANG_WARN_CONSTANT_CONVERSION = YES;
				CLANG_WARN_DEPRECATED_OBJC_IMPLEMENTATIONS = YES;
				CLANG_WARN_DIRECT_OBJC_ISA_USAGE = YES_ERROR;
				CLANG_WARN_DOCUMENTATION_COMMENTS = YES;
				CLANG_WARN_EMPTY_BODY = YES;
				CLANG_WARN_ENUM_CONVERSION = YES;
				CLANG_WARN_INFINITE_RECURSION = YES;
				CLANG_WARN_INT_CONVERSION = YES;
				CLANG_WARN_NON_LITERAL_NULL_CONVERSION = YES;
				CLANG_WARN_OBJC_IMPLICIT_RETAIN_SELF = YES;
				CLANG_WARN_OBJC_LITERAL_CONVERSION = YES;
				CLANG_WARN_OBJC_ROOT_CLASS = YES_ERROR;
				CLANG_WARN_RANGE_LOOP_ANALYSIS = YES;
				CLANG_WARN_STRICT_PROTOTYPES = YES;
				CLANG_WARN_SUSPICIOUS_MOVE = YES;
				CLANG_WARN_UNGUARDED_AVAILABILITY = YES_AGGRESSIVE;
				CLANG_WARN_UNREACHABLE_CODE = YES;
				CLANG_WARN__DUPLICATE_METHOD_MATCH = YES;
				CODE_SIGN_IDENTITY = "iPhone Developer";
				COPY_PHASE_STRIP = NO;
				DEBUG_INFORMATION_FORMAT = "dwarf-with-dsym";
				ENABLE_NS_ASSERTIONS = NO;
				ENABLE_STRICT_OBJC_MSGSEND = YES;
				GCC_C_LANGUAGE_STANDARD = gnu11;
				GCC_NO_COMMON_BLOCKS = YES;
				GCC_WARN_64_TO_32_BIT_CONVERSION = YES;
				GCC_WARN_ABOUT_RETURN_TYPE = YES_ERROR;
				GCC_WARN_UNDECLARED_SELECTOR = YES;
				GCC_WARN_UNINITIALIZED_AUTOS = YES_AGGRESSIVE;
				GCC_WARN_UNUSED_FUNCTION = YES;
				GCC_WARN_UNUSED_VARIABLE = YES;
				IPHONEOS_DEPLOYMENT_TARGET = 12.1;
				MTL_ENABLE_DEBUG_INFO = NO;
				MTL_FAST_MATH = YES;
				SDKROOT = iphoneos;
				VALIDATE_PRODUCT = YES;
			};
			name = Release;
		};
		950CEFBB224BBEB3005E7750 /* Debug */ = {
			isa = XCBuildConfiguration;
			buildSettings = {
				ASSETCATALOG_COMPILER_APPICON_NAME = AppIcon;
				CODE_SIGN_STYLE = Automatic;
				INFOPLIST_FILE = HW_PingPong/Info.plist;
				LD_RUNPATH_SEARCH_PATHS = (
					"$(inherited)",
					"@executable_path/Frameworks",
				);
				PRODUCT_BUNDLE_IDENTIFIER = "ru.ErzhenaTsyrendylykova.HW-PingPong";
				PRODUCT_NAME = "$(TARGET_NAME)";
				TARGETED_DEVICE_FAMILY = "1,2";
			};
			name = Debug;
		};
		950CEFBC224BBEB3005E7750 /* Release */ = {
			isa = XCBuildConfiguration;
			buildSettings = {
				ASSETCATALOG_COMPILER_APPICON_NAME = AppIcon;
				CODE_SIGN_STYLE = Automatic;
				INFOPLIST_FILE = HW_PingPong/Info.plist;
				LD_RUNPATH_SEARCH_PATHS = (
					"$(inherited)",
					"@executable_path/Frameworks",
				);
				PRODUCT_BUNDLE_IDENTIFIER = "ru.ErzhenaTsyrendylykova.HW-PingPong";
				PRODUCT_NAME = "$(TARGET_NAME)";
				TARGETED_DEVICE_FAMILY = "1,2";
			};
			name = Release;
		};
/* End XCBuildConfiguration section */

/* Begin XCConfigurationList section */
		950CEF9F224BBEB0005E7750 /* Build configuration list for PBXProject "HW_PingPong" */ = {
			isa = XCConfigurationList;
			buildConfigurations = (
				950CEFB8224BBEB3005E7750 /* Debug */,
				950CEFB9224BBEB3005E7750 /* Release */,
			);
			defaultConfigurationIsVisible = 0;
			defaultConfigurationName = Release;
		};
		950CEFBA224BBEB3005E7750 /* Build configuration list for PBXNativeTarget "HW_PingPong" */ = {
			isa = XCConfigurationList;
			buildConfigurations = (
				950CEFBB224BBEB3005E7750 /* Debug */,
				950CEFBC224BBEB3005E7750 /* Release */,
			);
			defaultConfigurationIsVisible = 0;
			defaultConfigurationName = Release;
		};
/* End XCConfigurationList section */
	};
	rootObject = 950CEF9C224BBEB0005E7750 /* Project object */;
}
